
Microsoft Visual Studio Solution File, Format Version 12.00
# Visual Studio Version 17
VisualStudioVersion = 17.13.35931.197
MinimumVisualStudioVersion = 10.0.40219.1
Project("{FAE04EC0-301F-11D3-BF4B-00C04F79EFBC}") = "OOP exercise", "blabla\OOP exercise.csproj", "{C2C2B360-2910-46DE-A7BD-C48E4BB2830B}"
EndProject
Global
	GlobalSection(SolutionConfigurationPlatforms) = preSolution
		Debug|Any CPU = Debug|Any CPU
		Release|Any CPU = Release|Any CPU
	EndGlobalSection
	GlobalSection(ProjectConfigurationPlatforms) = postSolution
		{C2C2B360-2910-46DE-A7BD-C48E4BB2830B}.Debug|Any CPU.ActiveCfg = Debug|Any CPU
		{C2C2B360-2910-46DE-A7BD-C48E4BB2830B}.Debug|Any CPU.Build.0 = Debug|Any CPU
		{C2C2B360-2910-46DE-A7BD-C48E4BB2830B}.Release|Any CPU.ActiveCfg = Release|Any CPU
		{C2C2B360-2910-46DE-A7BD-C48E4BB2830B}.Release|Any CPU.Build.0 = Release|Any CPU
	EndGlobalSection
	GlobalSection(SolutionProperties) = preSolution
		HideSolutionNode = FALSE
	EndGlobalSection
	GlobalSection(ExtensibilityGlobals) = postSolution
		SolutionGuid = {4FD56A02-BA50-4FF6-9D84-5579F82B1ABE}
	EndGlobalSection
EndGlobal
